dav1d:
  version: 1.4.3
  url: https://github.com/videolan/dav1d/archive/refs/tags/1.4.3.tar.gz
  sha256: 88a023e58d955e0886faf49c72940e0e90914a948a8e60c1326ce3e09e7a6099
ffmpeg:
  version: 7.1.3
  url: https://github.com/FFmpeg/FFmpeg/archive/refs/tags/n7.1.3.tar.gz
  sha256: e0b04c4b43d7e6d67cb6710334fb513adf13ac860532f30e1d0ac4c231f232fb
freetype:
  version: 2.13.2
  url: https://downloads.sourceforge.net/project/freetype/freetype2/2.13.2/freetype-2.13.2.tar.xz
  sha256: 12991c4e55c506dd7f9b765933e62fd2be2e06d421505d7950a132e4f1bb484d
fribidi:
  version: 1.0.13
  url: https://github.com/fribidi/fribidi/releases/download/v1.0.13/fribidi-1.0.13.tar.xz
  sha256: 7fa16c80c81bd622f7b198d31356da139cc318a63fc7761217af4130903f54a2
harfbuzz:
  version: 8.1.1
  url: https://github.com/harfbuzz/harfbuzz/archive/8.1.1.tar.gz
  sha256: b16e6bc0fc7e6a218583f40c7d201771f2e3072f85ef6e9217b36c1dc6b2aa25
libass:
  version: 0.17.1
  url: https://github.com/libass/libass/releases/download/0.17.1/libass-0.17.1.tar.xz
  sha256: f0da0bbfba476c16ae3e1cfd862256d30915911f7abaa1b16ce62ee653192784
libplacebo:
  version: 20251128
  url: https://github.com/medianexapp/libplacebo/archive/refs/tags/20251128.tar.gz
  sha256: a1ae21521537f6a8cc20d2a512210b17b30dfbaa6da50ba9564578ea0c245ab2  
fast_float:
  version: 5.2.0
  url: https://github.com/fastfloat/fast_float/archive/refs/tags/v5.2.0.tar.gz
  sha256: 72bbfd1914e414c920e39abdc81378adf910a622b62c45b4c61d344039425d18
glad:
  version: 2.0.4
  url: https://github.com/Dav1dde/glad/archive/refs/tags/v2.0.4.tar.gz
  sha256: 02629644c242dcc27c58222bd2c001d5e2f3765dbbcfd796542308bddebab401
jinja:
  version: 3.1.2
  url: https://github.com/pallets/jinja/archive/refs/tags/3.1.2.tar.gz
  sha256: ecae76cd1a064d40eb46c5375f07953d747f4d65b68cd3fa5f02c91714b799fc
markupsafe:
  version: 2.1.2
  url: https://github.com/pallets/markupsafe/releases/download/2.1.2/MarkupSafe-2.1.2.tar.gz
  sha256: abcabc8c2b26036d62d4c746381a6f7cf60aafcc653198ad678306986b09450d
Vulkan-Headers:
  version: 1.4.336
  url: https://github.com/KhronosGroup/Vulkan-Headers/archive/refs/tags/v1.4.336.tar.gz
  sha256: ab07d2119c8f09765ba704463dcb14238e1ccd4083b3afc6a29a463fa1cd0923
libogg:
  version: 1.3.5
  url: https://github.com/xiph/ogg/releases/download/v1.3.5/libogg-1.3.5.tar.gz
  sha256: 0eb4b4b9420a0f51db142ba3f9c64b333f826532dc0f48c6410ae51f4799b664
libvorbis:
  version: 1.3.7
  url: https://github.com/xiph/vorbis/releases/download/v1.3.7/libvorbis-1.3.7.tar.gz
  sha256: 0e982409a9c3fc82ee06e08205b1355e5c6aa4c36bca58146ef399621b0ce5ab
libvpx:
  version: 1.15.2-1
  url: https://github.com/labulakalia/libvpx/archive/refs/tags/v1.15.2-1.tar.gz
  sha256: df9adde77a4a2d4fa6913341822722ab26127ab986ccbbeaa1923bab13d3e9a6  
libx264:
  version: a8b68ebf
  url: https://code.videolan.org/videolan/x264/-/archive/a8b68ebfaa68621b5ac8907610d3335971839d52/libx264-a8b68ebfaa68621b5ac8907610d3335971839d52.tar.gz
  sha256: 164688b63f11a6e4f6d945057fc5c57d5eefb97973d0029fb0303744e10839ff
libx265:
  version: 9e551a99
  url: https://bitbucket.org/multicoreware/x265_git/get/9e551a994f970a24f0e49bcebe3d43ef08448b01.tar.gz
  sha256: e238c451af2c868d40dfcde007fd404767ae16f171341c32b231c8c0869173f5
libxml2:
  version: 2.15.1
  url: https://download.gnome.org/sources/libxml2/2.15/libxml2-2.15.1.tar.xz
  sha256: c008bac08fd5c7b4a87f7b8a71f283fa581d80d80ff8d2efd3b26224c39bc54c
mbedtls:
  version: 3.6.4
  url: https://github.com/Mbed-TLS/mbedtls/releases/download/mbedtls-3.6.4/mbedtls-3.6.4.tar.bz2
  sha256: ec35b18a6c593cf98c3e30db8b98ff93e8940a8c4e690e66b41dfc011d678110
mpv:
  version: 0.40.0
  url: https://github.com/mpv-player/mpv/archive/refs/tags/v0.40.0.tar.gz
  sha256: 10a0f4654f62140a6dd4d380dcf0bbdbdcf6e697556863dc499c296182f081a3
uchardet:
  version: 0.0.8
  url: https://github.com/oe-mirrors/uchardet/archive/refs/tags/v0.0.8.tar.gz
  sha256: 21d9aaf1ab383575e4d0cea0bad379788df22e2ca99cf603b9393faef71cd2ed

libbluray:
  version: 1.4.0
  url: https://code.videolan.org/videolan/libbluray/-/archive/1.4.0/libbluray-1.4.0.tar.gz
  sha256: 0dc218f79435798a62da2a0510e0e921a3f7c1b140507df8e65f48d98046f024
libudfread:
  version: 1.2.0
  url: https://code.videolan.org/videolan/libudfread/-/archive/1.2.0/libudfread-1.2.0.tar.gz
  sha256: adcce1190925f9d35a477757c5e3f0e221315d14d3d45b4ae62540ea0925f877
libdvdread:
  version: 7.0.1
  url: https://code.videolan.org/videolan/libdvdread/-/archive/7.0.1/libdvdread-7.0.1.tar.gz
  sha256: 5eeda23c75405c89d04f4c601cbb99447477ea5c8c05b341c59da07b1651155b
libdvdnav:
  version: 7.0.0
  url: https://code.videolan.org/videolan/libdvdnav/-/archive/7.0.0/libdvdnav-7.0.0.tar.gz
  sha256: 15d28086937647a95c3d6b083f0a86678cd4dd428914e319c64adf52cadec786
libarchive:
  version: 3.8.4
  url: https://github.com/libarchive/libarchive/releases/download/v3.8.4/libarchive-3.8.4.tar.gz
  sha256: b2c75b132a0ec43274d2867221befcb425034cd038e465afbfad09911abb1abb
vulkan:
  version: 1.4.336
  url: https://github.com/KhronosGroup/Vulkan-Loader/archive/refs/tags/v1.4.336.tar.gz
  sha256: e3b0c44298fc1c149afbf4c8996fb92427ae41e4649b934ca495991b7852b855
shaderc:
  version: 2025.5
  url: https://github.com/google/shaderc/archive/refs/tags/v2025.5.tar.gz
  sha256: fca5041b1fdea6daba167b63e04e55e5059fab40828342126169336643445447 